// !$*UTF8*$!
{
	archiveVersion = 1;
	classes = {
	};
	objectVersion = 50;
	objects = {

/* Begin PBXBuildFile section */
		C03BFA602316B15700ED77E1 /* RemainTimeTableViewCell.swift in Sources */ = {isa = PBXBuildFile; fileRef = C03BFA5F2316B15700ED77E1 /* RemainTimeTableViewCell.swift */; };
		C03C03372318252300761DAD /* SetQuickAlarmView.swift in Sources */ = {isa = PBXBuildFile; fileRef = C03C03362318252300761DAD /* SetQuickAlarmView.swift */; };
		C03C033E23183A2100761DAD /* CommonView.swift in Sources */ = {isa = PBXBuildFile; fileRef = C03C033D23183A2100761DAD /* CommonView.swift */; };
		C03FB3CF230FC1BC0015D756 /* AppDelegate.swift in Sources */ = {isa = PBXBuildFile; fileRef = C03FB3CE230FC1BC0015D756 /* AppDelegate.swift */; };
		C03FB3D4230FC1BC0015D756 /* Main.storyboard in Resources */ = {isa = PBXBuildFile; fileRef = C03FB3D2230FC1BC0015D756 /* Main.storyboard */; };
		C03FB3D7230FC1BC0015D756 /* Alarm.xcdatamodeld in Sources */ = {isa = PBXBuildFile; fileRef = C03FB3D5230FC1BC0015D756 /* Alarm.xcdatamodeld */; };
		C03FB3D9230FC1BE0015D756 /* Assets.xcassets in Resources */ = {isa = PBXBuildFile; fileRef = C03FB3D8230FC1BE0015D756 /* Assets.xcassets */; };
		C03FB3EE230FC6F80015D756 /* AlarmListViewController.swift in Sources */ = {isa = PBXBuildFile; fileRef = C03FB3ED230FC6F80015D756 /* AlarmListViewController.swift */; };
		C03FB3F3230FE4DF0015D756 /* AlarmListTableViewCell.swift in Sources */ = {isa = PBXBuildFile; fileRef = C03FB3F2230FE4DF0015D756 /* AlarmListTableViewCell.swift */; };
		C03FB3F6230FE59E0015D756 /* CommonViewController.swift in Sources */ = {isa = PBXBuildFile; fileRef = C03FB3F5230FE59E0015D756 /* CommonViewController.swift */; };
		C03FB3F92312C2AC0015D756 /* Launch Screen.storyboard in Resources */ = {isa = PBXBuildFile; fileRef = C03FB3F82312C2AC0015D756 /* Launch Screen.storyboard */; };
		C03FB3FB2313BA130015D756 /* DataManager.swift in Sources */ = {isa = PBXBuildFile; fileRef = C03FB3FA2313BA130015D756 /* DataManager.swift */; };
		C03FB3FD2313BF780015D756 /* DataManager+Alarm.swift in Sources */ = {isa = PBXBuildFile; fileRef = C03FB3FC2313BF780015D756 /* DataManager+Alarm.swift */; };
		C03FB4002313D0370015D756 /* MainViewController.swift in Sources */ = {isa = PBXBuildFile; fileRef = C03FB3FF2313D0370015D756 /* MainViewController.swift */; };
		C03FB4022313D0490015D756 /* SetTimeViewController.swift in Sources */ = {isa = PBXBuildFile; fileRef = C03FB4012313D0490015D756 /* SetTimeViewController.swift */; };
		C03FB42623163FFE0015D756 /* WeatherTableViewCell.swift in Sources */ = {isa = PBXBuildFile; fileRef = C03FB42523163FFE0015D756 /* WeatherTableViewCell.swift */; };
		C03FB49523166A710015D756 /* Sunshine.mp3 in Resources */ = {isa = PBXBuildFile; fileRef = C03FB42A23166A630015D756 /* Sunshine.mp3 */; };
		C03FB49623166A710015D756 /* Noise_7.mp3 in Resources */ = {isa = PBXBuildFile; fileRef = C03FB42B23166A630015D756 /* Noise_7.mp3 */; };
		C03FB49723166A710015D756 /* Awakening_2.mp3 in Resources */ = {isa = PBXBuildFile; fileRef = C03FB42C23166A630015D756 /* Awakening_2.mp3 */; };
		C03FB49823166A710015D756 /* loud5.mp3 in Resources */ = {isa = PBXBuildFile; fileRef = C03FB42D23166A630015D756 /* loud5.mp3 */; };
		C03FB49923166A710015D756 /* NoSound.mp3 in Resources */ = {isa = PBXBuildFile; fileRef = C03FB42E23166A630015D756 /* NoSound.mp3 */; };
		C03FB49A23166A710015D756 /* loud7.mp3 in Resources */ = {isa = PBXBuildFile; fileRef = C03FB42F23166A630015D756 /* loud7.mp3 */; };
		C03FB49B23166A710015D756 /* Awakening_4.mp3 in Resources */ = {isa = PBXBuildFile; fileRef = C03FB43023166A630015D756 /* Awakening_4.mp3 */; };
		C03FB49C23166A710015D756 /* HappyClaps_2.mp3 in Resources */ = {isa = PBXBuildFile; fileRef = C03FB43123166A640015D756 /* HappyClaps_2.mp3 */; };
		C03FB49D23166A710015D756 /* LiveTheMoment_2.mp3 in Resources */ = {isa = PBXBuildFile; fileRef = C03FB43223166A640015D756 /* LiveTheMoment_2.mp3 */; };
		C03FB49E23166A710015D756 /* Ukulele_2.mp3 in Resources */ = {isa = PBXBuildFile; fileRef = C03FB43323166A640015D756 /* Ukulele_2.mp3 */; };
		C03FB49F23166A710015D756 /* Groove_4.mp3 in Resources */ = {isa = PBXBuildFile; fileRef = C03FB43423166A640015D756 /* Groove_4.mp3 */; };
		C03FB4A023166A710015D756 /* Picnic.mp3 in Resources */ = {isa = PBXBuildFile; fileRef = C03FB43523166A640015D756 /* Picnic.mp3 */; };
		C03FB4A123166A710015D756 /* MorningPark.mp3 in Resources */ = {isa = PBXBuildFile; fileRef = C03FB43623166A640015D756 /* MorningPark.mp3 */; };
		C03FB4A223166A710015D756 /* ReadyForTheNewDawn_3.mp3 in Resources */ = {isa = PBXBuildFile; fileRef = C03FB43723166A640015D756 /* ReadyForTheNewDawn_3.mp3 */; };
		C03FB4A323166A710015D756 /* MorningPark_1.mp3 in Resources */ = {isa = PBXBuildFile; fileRef = C03FB43823166A640015D756 /* MorningPark_1.mp3 */; };
		C03FB4A423166A710015D756 /* StreetlightPeople_6.mp3 in Resources */ = {isa = PBXBuildFile; fileRef = C03FB43923166A650015D756 /* StreetlightPeople_6.mp3 */; };
		C03FB4A523166A710015D756 /* AlarmBell_2.mp3 in Resources */ = {isa = PBXBuildFile; fileRef = C03FB43A23166A650015D756 /* AlarmBell_2.mp3 */; };
		C03FB4A623166A710015D756 /* LiveTheMoment_3.mp3 in Resources */ = {isa = PBXBuildFile; fileRef = C03FB43B23166A650015D756 /* LiveTheMoment_3.mp3 */; };
		C03FB4A723166A710015D756 /* Christmas.mp3 in Resources */ = {isa = PBXBuildFile; fileRef = C03FB43C23166A650015D756 /* Christmas.mp3 */; };
		C03FB4A823166A710015D756 /* Awakening_5.mp3 in Resources */ = {isa = PBXBuildFile; fileRef = C03FB43D23166A650015D756 /* Awakening_5.mp3 */; };
		C03FB4A923166A710015D756 /* HappyClaps_1.mp3 in Resources */ = {isa = PBXBuildFile; fileRef = C03FB43E23166A650015D756 /* HappyClaps_1.mp3 */; };
		C03FB4AA23166A710015D756 /* loud8.mp3 in Resources */ = {isa = PBXBuildFile; fileRef = C03FB43F23166A650015D756 /* loud8.mp3 */; };
		C03FB4AB23166A710015D756 /* Sunshine_7.mp3 in Resources */ = {isa = PBXBuildFile; fileRef = C03FB44023166A650015D756 /* Sunshine_7.mp3 */; };
		C03FB4AC23166A710015D756 /* MorningPark_10.mp3 in Resources */ = {isa = PBXBuildFile; fileRef = C03FB44123166A660015D756 /* MorningPark_10.mp3 */; };
		C03FB4AD23166A710015D756 /* StreetlightPeople_1.mp3 in Resources */ = {isa = PBXBuildFile; fileRef = C03FB44223166A660015D756 /* StreetlightPeople_1.mp3 */; };
		C03FB4AE23166A710015D756 /* Sunshine_1.mp3 in Resources */ = {isa = PBXBuildFile; fileRef = C03FB44323166A660015D756 /* Sunshine_1.mp3 */; };
		C03FB4AF23166A710015D756 /* MorningPark_5.mp3 in Resources */ = {isa = PBXBuildFile; fileRef = C03FB44423166A660015D756 /* MorningPark_5.mp3 */; };
		C03FB4B023166A710015D756 /* loud2.mp3 in Resources */ = {isa = PBXBuildFile; fileRef = C03FB44523166A660015D756 /* loud2.mp3 */; };
		C03FB4B123166A710015D756 /* Siren.mp3 in Resources */ = {isa = PBXBuildFile; fileRef = C03FB44623166A660015D756 /* Siren.mp3 */; };
		C03FB4B223166A710015D756 /* Groove_2.mp3 in Resources */ = {isa = PBXBuildFile; fileRef = C03FB44723166A660015D756 /* Groove_2.mp3 */; };
		C03FB4B323166A710015D756 /* Picnic_4.mp3 in Resources */ = {isa = PBXBuildFile; fileRef = C03FB44823166A660015D756 /* Picnic_4.mp3 */; };
		C03FB4B423166A710015D756 /* Sunshine_6.mp3 in Resources */ = {isa = PBXBuildFile; fileRef = C03FB44923166A660015D756 /* Sunshine_6.mp3 */; };
		C03FB4B523166A710015D756 /* Sunshine_4.mp3 in Resources */ = {isa = PBXBuildFile; fileRef = C03FB44A23166A670015D756 /* Sunshine_4.mp3 */; };
		C03FB4B623166A710015D756 /* Sunshine_9.mp3 in Resources */ = {isa = PBXBuildFile; fileRef = C03FB44B23166A670015D756 /* Sunshine_9.mp3 */; };
		C03FB4B723166A710015D756 /* MorningPark_2.mp3 in Resources */ = {isa = PBXBuildFile; fileRef = C03FB44C23166A670015D756 /* MorningPark_2.mp3 */; };
		C03FB4B823166A710015D756 /* loud6.mp3 in Resources */ = {isa = PBXBuildFile; fileRef = C03FB44D23166A670015D756 /* loud6.mp3 */; };
		C03FB4B923166A710015D756 /* AlarmBell_9.mp3 in Resources */ = {isa = PBXBuildFile; fileRef = C03FB44E23166A670015D756 /* AlarmBell_9.mp3 */; };
		C03FB4BA23166A710015D756 /* ReadyForTheNewDawn_5.mp3 in Resources */ = {isa = PBXBuildFile; fileRef = C03FB44F23166A670015D756 /* ReadyForTheNewDawn_5.mp3 */; };
		C03FB4BB23166A710015D756 /* MorningPark_4.mp3 in Resources */ = {isa = PBXBuildFile; fileRef = C03FB45023166A670015D756 /* MorningPark_4.mp3 */; };
		C03FB4BC23166A710015D756 /* loud4.mp3 in Resources */ = {isa = PBXBuildFile; fileRef = C03FB45123166A670015D756 /* loud4.mp3 */; };
		C03FB4BD23166A710015D756 /* Orkney.mp3 in Resources */ = {isa = PBXBuildFile; fileRef = C03FB45223166A670015D756 /* Orkney.mp3 */; };
		C03FB4BE23166A710015D756 /* Christmas_4.mp3 in Resources */ = {isa = PBXBuildFile; fileRef = C03FB45323166A670015D756 /* Christmas_4.mp3 */; };
		C03FB4BF23166A710015D756 /* Ukulele_1.mp3 in Resources */ = {isa = PBXBuildFile; fileRef = C03FB45423166A680015D756 /* Ukulele_1.mp3 */; };
		C03FB4C023166A710015D756 /* AlarmBell_8.mp3 in Resources */ = {isa = PBXBuildFile; fileRef = C03FB45523166A680015D756 /* AlarmBell_8.mp3 */; };
		C03FB4C123166A710015D756 /* Sunshine_10.mp3 in Resources */ = {isa = PBXBuildFile; fileRef = C03FB45623166A680015D756 /* Sunshine_10.mp3 */; };
		C03FB4C223166A710015D756 /* AlarmBell_10.mp3 in Resources */ = {isa = PBXBuildFile; fileRef = C03FB45723166A680015D756 /* AlarmBell_10.mp3 */; };
		C03FB4C323166A710015D756 /* Ukulele_4.mp3 in Resources */ = {isa = PBXBuildFile; fileRef = C03FB45823166A680015D756 /* Ukulele_4.mp3 */; };
		C03FB4C423166A710015D756 /* ReadyForTheNewDawn_4.mp3 in Resources */ = {isa = PBXBuildFile; fileRef = C03FB45923166A680015D756 /* ReadyForTheNewDawn_4.mp3 */; };
		C03FB4C523166A710015D756 /* AlarmBell_7.mp3 in Resources */ = {isa = PBXBuildFile; fileRef = C03FB45A23166A680015D756 /* AlarmBell_7.mp3 */; };
		C03FB4C623166A710015D756 /* Bell.mp3 in Resources */ = {isa = PBXBuildFile; fileRef = C03FB45B23166A680015D756 /* Bell.mp3 */; };
		C03FB4C723166A710015D756 /* AnalogAlarm.mp3 in Resources */ = {isa = PBXBuildFile; fileRef = C03FB45C23166A690015D756 /* AnalogAlarm.mp3 */; };
		C03FB4C823166A710015D756 /* Noise_4.mp3 in Resources */ = {isa = PBXBuildFile; fileRef = C03FB45D23166A690015D756 /* Noise_4.mp3 */; };
		C03FB4C923166A710015D756 /* Noise_6.mp3 in Resources */ = {isa = PBXBuildFile; fileRef = C03FB45E23166A690015D756 /* Noise_6.mp3 */; };
		C03FB4CA23166A710015D756 /* Noise.mp3 in Resources */ = {isa = PBXBuildFile; fileRef = C03FB45F23166A690015D756 /* Noise.mp3 */; };
		C03FB4CB23166A710015D756 /* Noise_2.mp3 in Resources */ = {isa = PBXBuildFile; fileRef = C03FB46023166A690015D756 /* Noise_2.mp3 */; };
		C03FB4CC23166A710015D756 /* AlarmBell_6.mp3 in Resources */ = {isa = PBXBuildFile; fileRef = C03FB46123166A690015D756 /* AlarmBell_6.mp3 */; };
		C03FB4CD23166A710015D756 /* Groove_3.mp3 in Resources */ = {isa = PBXBuildFile; fileRef = C03FB46223166A690015D756 /* Groove_3.mp3 */; };
		C03FB4CE23166A710015D756 /* Noise_3.mp3 in Resources */ = {isa = PBXBuildFile; fileRef = C03FB46323166A690015D756 /* Noise_3.mp3 */; };
		C03FB4CF23166A710015D756 /* loud1.mp3 in Resources */ = {isa = PBXBuildFile; fileRef = C03FB46423166A6A0015D756 /* loud1.mp3 */; };
		C03FB4D023166A710015D756 /* Ukulele_3.mp3 in Resources */ = {isa = PBXBuildFile; fileRef = C03FB46523166A6A0015D756 /* Ukulele_3.mp3 */; };
		C03FB4D123166A710015D756 /* ReadyForTheNewDawn_2.mp3 in Resources */ = {isa = PBXBuildFile; fileRef = C03FB46623166A6A0015D756 /* ReadyForTheNewDawn_2.mp3 */; };
		C03FB4D223166A710015D756 /* ReadyForTheNewDawn_1.mp3 in Resources */ = {isa = PBXBuildFile; fileRef = C03FB46723166A6A0015D756 /* ReadyForTheNewDawn_1.mp3 */; };
		C03FB4D323166A710015D756 /* HappyClaps_3.mp3 in Resources */ = {isa = PBXBuildFile; fileRef = C03FB46823166A6A0015D756 /* HappyClaps_3.mp3 */; };
		C03FB4D423166A710015D756 /* Rooster.mp3 in Resources */ = {isa = PBXBuildFile; fileRef = C03FB46923166A6A0015D756 /* Rooster.mp3 */; };
		C03FB4D523166A710015D756 /* Noise_1.mp3 in Resources */ = {isa = PBXBuildFile; fileRef = C03FB46A23166A6B0015D756 /* Noise_1.mp3 */; };
		C03FB4D623166A710015D756 /* HappyClaps_4.mp3 in Resources */ = {isa = PBXBuildFile; fileRef = C03FB46B23166A6B0015D756 /* HappyClaps_4.mp3 */; };
		C03FB4D723166A710015D756 /* Noise_10.mp3 in Resources */ = {isa = PBXBuildFile; fileRef = C03FB46C23166A6B0015D756 /* Noise_10.mp3 */; };
		C03FB4D823166A710015D756 /* AlarmBell_3.mp3 in Resources */ = {isa = PBXBuildFile; fileRef = C03FB46D23166A6B0015D756 /* AlarmBell_3.mp3 */; };
		C03FB4D923166A710015D756 /* Sunshine_3.mp3 in Resources */ = {isa = PBXBuildFile; fileRef = C03FB46E23166A6B0015D756 /* Sunshine_3.mp3 */; };
		C03FB4DA23166A710015D756 /* Sunshine_8.mp3 in Resources */ = {isa = PBXBuildFile; fileRef = C03FB46F23166A6B0015D756 /* Sunshine_8.mp3 */; };
		C03FB4DB23166A710015D756 /* Christmas_3.mp3 in Resources */ = {isa = PBXBuildFile; fileRef = C03FB47023166A6C0015D756 /* Christmas_3.mp3 */; };
		C03FB4DC23166A710015D756 /* MorningPark_3.mp3 in Resources */ = {isa = PBXBuildFile; fileRef = C03FB47123166A6C0015D756 /* MorningPark_3.mp3 */; };
		C03FB4DD23166A710015D756 /* LiveTheMoment_5.mp3 in Resources */ = {isa = PBXBuildFile; fileRef = C03FB47223166A6C0015D756 /* LiveTheMoment_5.mp3 */; };
		C03FB4DE23166A710015D756 /* Sunshine_5.mp3 in Resources */ = {isa = PBXBuildFile; fileRef = C03FB47323166A6C0015D756 /* Sunshine_5.mp3 */; };
		C03FB4DF23166A710015D756 /* MorningPark_7.mp3 in Resources */ = {isa = PBXBuildFile; fileRef = C03FB47423166A6C0015D756 /* MorningPark_7.mp3 */; };
		C03FB4E023166A710015D756 /* MorningPark_6.mp3 in Resources */ = {isa = PBXBuildFile; fileRef = C03FB47523166A6C0015D756 /* MorningPark_6.mp3 */; };
		C03FB4E123166A710015D756 /* Picnic_5.mp3 in Resources */ = {isa = PBXBuildFile; fileRef = C03FB47623166A6C0015D756 /* Picnic_5.mp3 */; };
		C03FB4E223166A710015D756 /* StreetlightPeople_4.mp3 in Resources */ = {isa = PBXBuildFile; fileRef = C03FB47723166A6D0015D756 /* StreetlightPeople_4.mp3 */; };
		C03FB4E323166A710015D756 /* Christmas_2.mp3 in Resources */ = {isa = PBXBuildFile; fileRef = C03FB47823166A6D0015D756 /* Christmas_2.mp3 */; };
		C03FB4E423166A710015D756 /* LiveTheMoment_1.mp3 in Resources */ = {isa = PBXBuildFile; fileRef = C03FB47923166A6D0015D756 /* LiveTheMoment_1.mp3 */; };
		C03FB4E523166A710015D756 /* Noise_5.mp3 in Resources */ = {isa = PBXBuildFile; fileRef = C03FB47A23166A6D0015D756 /* Noise_5.mp3 */; };
		C03FB4E623166A710015D756 /* AlarmBell_1.mp3 in Resources */ = {isa = PBXBuildFile; fileRef = C03FB47B23166A6D0015D756 /* AlarmBell_1.mp3 */; };
		C03FB4E723166A710015D756 /* AlarmBell_5.mp3 in Resources */ = {isa = PBXBuildFile; fileRef = C03FB47C23166A6D0015D756 /* AlarmBell_5.mp3 */; };
		C03FB4E823166A710015D756 /* Noise_9.mp3 in Resources */ = {isa = PBXBuildFile; fileRef = C03FB47D23166A6D0015D756 /* Noise_9.mp3 */; };
		C03FB4E923166A710015D756 /* Groove_1.mp3 in Resources */ = {isa = PBXBuildFile; fileRef = C03FB47E23166A6E0015D756 /* Groove_1.mp3 */; };
		C03FB4EA23166A710015D756 /* StreetlightPeople_2.mp3 in Resources */ = {isa = PBXBuildFile; fileRef = C03FB47F23166A6E0015D756 /* StreetlightPeople_2.mp3 */; };
		C03FB4EB23166A710015D756 /* Beep.mp3 in Resources */ = {isa = PBXBuildFile; fileRef = C03FB48023166A6E0015D756 /* Beep.mp3 */; };
		C03FB4EC23166A710015D756 /* AlarmBell_4.mp3 in Resources */ = {isa = PBXBuildFile; fileRef = C03FB48123166A6E0015D756 /* AlarmBell_4.mp3 */; };
		C03FB4ED23166A710015D756 /* Picnic_2.mp3 in Resources */ = {isa = PBXBuildFile; fileRef = C03FB48223166A6E0015D756 /* Picnic_2.mp3 */; };
		C03FB4EE23166A710015D756 /* LiveTheMoment_6.mp3 in Resources */ = {isa = PBXBuildFile; fileRef = C03FB48323166A6F0015D756 /* LiveTheMoment_6.mp3 */; };
		C03FB4EF23166A710015D756 /* ReadyForTheNewDawn_6.mp3 in Resources */ = {isa = PBXBuildFile; fileRef = C03FB48423166A6F0015D756 /* ReadyForTheNewDawn_6.mp3 */; };
		C03FB4F023166A710015D756 /* Christmas_5.mp3 in Resources */ = {isa = PBXBuildFile; fileRef = C03FB48523166A6F0015D756 /* Christmas_5.mp3 */; };
		C03FB4F123166A710015D756 /* MorningPark_8.mp3 in Resources */ = {isa = PBXBuildFile; fileRef = C03FB48623166A6F0015D756 /* MorningPark_8.mp3 */; };
		C03FB4F223166A710015D756 /* LiveTheMoment_4.mp3 in Resources */ = {isa = PBXBuildFile; fileRef = C03FB48723166A6F0015D756 /* LiveTheMoment_4.mp3 */; };
		C03FB4F323166A710015D756 /* Christmas_1.mp3 in Resources */ = {isa = PBXBuildFile; fileRef = C03FB48823166A6F0015D756 /* Christmas_1.mp3 */; };
		C03FB4F423166A710015D756 /* AlarmBell.mp3 in Resources */ = {isa = PBXBuildFile; fileRef = C03FB48923166A6F0015D756 /* AlarmBell.mp3 */; };
		C03FB4F523166A710015D756 /* Awakening_6.mp3 in Resources */ = {isa = PBXBuildFile; fileRef = C03FB48A23166A700015D756 /* Awakening_6.mp3 */; };
		C03FB4F623166A710015D756 /* StreetlightPeople_5.mp3 in Resources */ = {isa = PBXBuildFile; fileRef = C03FB48B23166A700015D756 /* StreetlightPeople_5.mp3 */; };
		C03FB4F723166A710015D756 /* Noise_8.mp3 in Resources */ = {isa = PBXBuildFile; fileRef = C03FB48C23166A700015D756 /* Noise_8.mp3 */; };
		C03FB4F823166A710015D756 /* Awakening_1.mp3 in Resources */ = {isa = PBXBuildFile; fileRef = C03FB48D23166A700015D756 /* Awakening_1.mp3 */; };
		C03FB4F923166A710015D756 /* Picnic_3.mp3 in Resources */ = {isa = PBXBuildFile; fileRef = C03FB48E23166A700015D756 /* Picnic_3.mp3 */; };
		C03FB4FA23166A710015D756 /* StreetlightPeople_3.mp3 in Resources */ = {isa = PBXBuildFile; fileRef = C03FB48F23166A700015D756 /* StreetlightPeople_3.mp3 */; };
		C03FB4FB23166A710015D756 /* loud3.mp3 in Resources */ = {isa = PBXBuildFile; fileRef = C03FB49023166A700015D756 /* loud3.mp3 */; };
		C03FB4FC23166A710015D756 /* Picnic_1.mp3 in Resources */ = {isa = PBXBuildFile; fileRef = C03FB49123166A710015D756 /* Picnic_1.mp3 */; };
		C03FB4FD23166A710015D756 /* MorningPark_9.mp3 in Resources */ = {isa = PBXBuildFile; fileRef = C03FB49223166A710015D756 /* MorningPark_9.mp3 */; };
		C03FB4FE23166A710015D756 /* Sunshine_2.mp3 in Resources */ = {isa = PBXBuildFile; fileRef = C03FB49323166A710015D756 /* Sunshine_2.mp3 */; };
		C03FB4FF23166A710015D756 /* Awakening_3.mp3 in Resources */ = {isa = PBXBuildFile; fileRef = C03FB49423166A710015D756 /* Awakening_3.mp3 */; };
		C041DDCB2316CC27009F2656 /* SetAlarmViewController.swift in Sources */ = {isa = PBXBuildFile; fileRef = C041DDCA2316CC27009F2656 /* SetAlarmViewController.swift */; };
		C041DDCD2317D15F009F2656 /* SetQuickAlarmView.xib in Resources */ = {isa = PBXBuildFile; fileRef = C041DDCC2317D15F009F2656 /* SetQuickAlarmView.xib */; };
/* End PBXBuildFile section */

/* Begin PBXFileReference section */
		C03BFA5F2316B15700ED77E1 /* RemainTimeTableViewCell.swift */ = {isa = PBXFileReference; lastKnownFileType = sourcecode.swift; path = RemainTimeTableViewCell.swift; sourceTree = "<group>"; };
		C03C03362318252300761DAD /* SetQuickAlarmView.swift */ = {isa = PBXFileReference; lastKnownFileType = sourcecode.swift; path = SetQuickAlarmView.swift; sourceTree = "<group>"; };
		C03C033D23183A2100761DAD /* CommonView.swift */ = {isa = PBXFileReference; lastKnownFileType = sourcecode.swift; path = CommonView.swift; sourceTree = "<group>"; };
		C03FB3CB230FC1BC0015D756 /* Alarm.app */ = {isa = PBXFileReference; explicitFileType = wrapper.application; includeInIndex = 0; path = Alarm.app; sourceTree = BUILT_PRODUCTS_DIR; };
		C03FB3CE230FC1BC0015D756 /* AppDelegate.swift */ = {isa = PBXFileReference; lastKnownFileType = sourcecode.swift; path = AppDelegate.swift; sourceTree = "<group>"; };
		C03FB3D3230FC1BC0015D756 /* Base */ = {isa = PBXFileReference; lastKnownFileType = file.storyboard; name = Base; path = Base.lproj/Main.storyboard; sourceTree = "<group>"; };
		C03FB3D6230FC1BC0015D756 /* Alarm.xcdatamodel */ = {isa = PBXFileReference; lastKnownFileType = wrapper.xcdatamodel; path = Alarm.xcdatamodel; sourceTree = "<group>"; };
		C03FB3D8230FC1BE0015D756 /* Assets.xcassets */ = {isa = PBXFileReference; lastKnownFileType = folder.assetcatalog; path = Assets.xcassets; sourceTree = "<group>"; };
		C03FB3DD230FC1BE0015D756 /* Info.plist */ = {isa = PBXFileReference; lastKnownFileType = text.plist.xml; path = Info.plist; sourceTree = "<group>"; };
		C03FB3ED230FC6F80015D756 /* AlarmListViewController.swift */ = {isa = PBXFileReference; lastKnownFileType = sourcecode.swift; path = AlarmListViewController.swift; sourceTree = "<group>"; };
		C03FB3F2230FE4DF0015D756 /* AlarmListTableViewCell.swift */ = {isa = PBXFileReference; lastKnownFileType = sourcecode.swift; path = AlarmListTableViewCell.swift; sourceTree = "<group>"; };
		C03FB3F5230FE59E0015D756 /* CommonViewController.swift */ = {isa = PBXFileReference; lastKnownFileType = sourcecode.swift; path = CommonViewController.swift; sourceTree = "<group>"; };
		C03FB3F82312C2AC0015D756 /* Launch Screen.storyboard */ = {isa = PBXFileReference; lastKnownFileType = file.storyboard; path = "Launch Screen.storyboard"; sourceTree = "<group>"; };
		C03FB3FA2313BA130015D756 /* DataManager.swift */ = {isa = PBXFileReference; lastKnownFileType = sourcecode.swift; path = DataManager.swift; sourceTree = "<group>"; };
		C03FB3FC2313BF780015D756 /* DataManager+Alarm.swift */ = {isa = PBXFileReference; lastKnownFileType = sourcecode.swift; path = "DataManager+Alarm.swift"; sourceTree = "<group>"; };
		C03FB3FE2313CB9C0015D756 /* test.playground */ = {isa = PBXFileReference; lastKnownFileType = file.playground; path = test.playground; sourceTree = "<group>"; xcLanguageSpecificationIdentifier = xcode.lang.swift; };
		C03FB3FF2313D0370015D756 /* MainViewController.swift */ = {isa = PBXFileReference; lastKnownFileType = sourcecode.swift; path = MainViewController.swift; sourceTree = "<group>"; };
		C03FB4012313D0490015D756 /* SetTimeViewController.swift */ = {isa = PBXFileReference; lastKnownFileType = sourcecode.swift; path = SetTimeViewController.swift; sourceTree = "<group>"; };
		C03FB42523163FFE0015D756 /* WeatherTableViewCell.swift */ = {isa = PBXFileReference; lastKnownFileType = sourcecode.swift; path = WeatherTableViewCell.swift; sourceTree = "<group>"; };
		C03FB42A23166A630015D756 /* Sunshine.mp3 */ = {isa = PBXFileReference; lastKnownFileType = audio.mp3; path = Sunshine.mp3; sourceTree = "<group>"; };
		C03FB42B23166A630015D756 /* Noise_7.mp3 */ = {isa = PBXFileReference; lastKnownFileType = audio.mp3; path = Noise_7.mp3; sourceTree = "<group>"; };
		C03FB42C23166A630015D756 /* Awakening_2.mp3 */ = {isa = PBXFileReference; lastKnownFileType = audio.mp3; path = Awakening_2.mp3; sourceTree = "<group>"; };
		C03FB42D23166A630015D756 /* loud5.mp3 */ = {isa = PBXFileReference; lastKnownFileType = audio.mp3; path = loud5.mp3; sourceTree = "<group>"; };
		C03FB42E23166A630015D756 /* NoSound.mp3 */ = {isa = PBXFileReference; lastKnownFileType = audio.mp3; path = NoSound.mp3; sourceTree = "<group>"; };
		C03FB42F23166A630015D756 /* loud7.mp3 */ = {isa = PBXFileReference; lastKnownFileType = audio.mp3; path = loud7.mp3; sourceTree = "<group>"; };
		C03FB43023166A630015D756 /* Awakening_4.mp3 */ = {isa = PBXFileReference; lastKnownFileType = audio.mp3; path = Awakening_4.mp3; sourceTree = "<group>"; };
		C03FB43123166A640015D756 /* HappyClaps_2.mp3 */ = {isa = PBXFileReference; lastKnownFileType = audio.mp3; path = HappyClaps_2.mp3; sourceTree = "<group>"; };
		C03FB43223166A640015D756 /* LiveTheMoment_2.mp3 */ = {isa = PBXFileReference; lastKnownFileType = audio.mp3; path = LiveTheMoment_2.mp3; sourceTree = "<group>"; };
		C03FB43323166A640015D756 /* Ukulele_2.mp3 */ = {isa = PBXFileReference; lastKnownFileType = audio.mp3; path = Ukulele_2.mp3; sourceTree = "<group>"; };
		C03FB43423166A640015D756 /* Groove_4.mp3 */ = {isa = PBXFileReference; lastKnownFileType = audio.mp3; path = Groove_4.mp3; sourceTree = "<group>"; };
		C03FB43523166A640015D756 /* Picnic.mp3 */ = {isa = PBXFileReference; lastKnownFileType = audio.mp3; path = Picnic.mp3; sourceTree = "<group>"; };
		C03FB43623166A640015D756 /* MorningPark.mp3 */ = {isa = PBXFileReference; lastKnownFileType = audio.mp3; path = MorningPark.mp3; sourceTree = "<group>"; };
		C03FB43723166A640015D756 /* ReadyForTheNewDawn_3.mp3 */ = {isa = PBXFileReference; lastKnownFileType = audio.mp3; path = ReadyForTheNewDawn_3.mp3; sourceTree = "<group>"; };
		C03FB43823166A640015D756 /* MorningPark_1.mp3 */ = {isa = PBXFileReference; lastKnownFileType = audio.mp3; path = MorningPark_1.mp3; sourceTree = "<group>"; };
		C03FB43923166A650015D756 /* StreetlightPeople_6.mp3 */ = {isa = PBXFileReference; lastKnownFileType = audio.mp3; path = StreetlightPeople_6.mp3; sourceTree = "<group>"; };
		C03FB43A23166A650015D756 /* AlarmBell_2.mp3 */ = {isa = PBXFileReference; lastKnownFileType = audio.mp3; path = AlarmBell_2.mp3; sourceTree = "<group>"; };
		C03FB43B23166A650015D756 /* LiveTheMoment_3.mp3 */ = {isa = PBXFileReference; lastKnownFileType = audio.mp3; path = LiveTheMoment_3.mp3; sourceTree = "<group>"; };
		C03FB43C23166A650015D756 /* Christmas.mp3 */ = {isa = PBXFileReference; lastKnownFileType = audio.mp3; path = Christmas.mp3; sourceTree = "<group>"; };
		C03FB43D23166A650015D756 /* Awakening_5.mp3 */ = {isa = PBXFileReference; lastKnownFileType = audio.mp3; path = Awakening_5.mp3; sourceTree = "<group>"; };
		C03FB43E23166A650015D756 /* HappyClaps_1.mp3 */ = {isa = PBXFileReference; lastKnownFileType = audio.mp3; path = HappyClaps_1.mp3; sourceTree = "<group>"; };
		C03FB43F23166A650015D756 /* loud8.mp3 */ = {isa = PBXFileReference; lastKnownFileType = audio.mp3; path = loud8.mp3; sourceTree = "<group>"; };
		C03FB44023166A650015D756 /* Sunshine_7.mp3 */ = {isa = PBXFileReference; lastKnownFileType = audio.mp3; path = Sunshine_7.mp3; sourceTree = "<group>"; };
		C03FB44123166A660015D756 /* MorningPark_10.mp3 */ = {isa = PBXFileReference; lastKnownFileType = audio.mp3; path = MorningPark_10.mp3; sourceTree = "<group>"; };
		C03FB44223166A660015D756 /* StreetlightPeople_1.mp3 */ = {isa = PBXFileReference; lastKnownFileType = audio.mp3; path = StreetlightPeople_1.mp3; sourceTree = "<group>"; };
		C03FB44323166A660015D756 /* Sunshine_1.mp3 */ = {isa = PBXFileReference; lastKnownFileType = audio.mp3; path = Sunshine_1.mp3; sourceTree = "<group>"; };
		C03FB44423166A660015D756 /* MorningPark_5.mp3 */ = {isa = PBXFileReference; lastKnownFileType = audio.mp3; path = MorningPark_5.mp3; sourceTree = "<group>"; };
		C03FB44523166A660015D756 /* loud2.mp3 */ = {isa = PBXFileReference; lastKnownFileType = audio.mp3; path = loud2.mp3; sourceTree = "<group>"; };
		C03FB44623166A660015D756 /* Siren.mp3 */ = {isa = PBXFileReference; lastKnownFileType = audio.mp3; path = Siren.mp3; sourceTree = "<group>"; };
		C03FB44723166A660015D756 /* Groove_2.mp3 */ = {isa = PBXFileReference; lastKnownFileType = audio.mp3; path = Groove_2.mp3; sourceTree = "<group>"; };
		C03FB44823166A660015D756 /* Picnic_4.mp3 */ = {isa = PBXFileReference; lastKnownFileType = audio.mp3; path = Picnic_4.mp3; sourceTree = "<group>"; };
		C03FB44923166A660015D756 /* Sunshine_6.mp3 */ = {isa = PBXFileReference; lastKnownFileType = audio.mp3; path = Sunshine_6.mp3; sourceTree = "<group>"; };
		C03FB44A23166A670015D756 /* Sunshine_4.mp3 */ = {isa = PBXFileReference; lastKnownFileType = audio.mp3; path = Sunshine_4.mp3; sourceTree = "<group>"; };
		C03FB44B23166A670015D756 /* Sunshine_9.mp3 */ = {isa = PBXFileReference; lastKnownFileType = audio.mp3; path = Sunshine_9.mp3; sourceTree = "<group>"; };
		C03FB44C23166A670015D756 /* MorningPark_2.mp3 */ = {isa = PBXFileReference; lastKnownFileType = audio.mp3; path = MorningPark_2.mp3; sourceTree = "<group>"; };
		C03FB44D23166A670015D756 /* loud6.mp3 */ = {isa = PBXFileReference; lastKnownFileType = audio.mp3; path = loud6.mp3; sourceTree = "<group>"; };
		C03FB44E23166A670015D756 /* AlarmBell_9.mp3 */ = {isa = PBXFileReference; lastKnownFileType = audio.mp3; path = AlarmBell_9.mp3; sourceTree = "<group>"; };
		C03FB44F23166A670015D756 /* ReadyForTheNewDawn_5.mp3 */ = {isa = PBXFileReference; lastKnownFileType = audio.mp3; path = ReadyForTheNewDawn_5.mp3; sourceTree = "<group>"; };
		C03FB45023166A670015D756 /* MorningPark_4.mp3 */ = {isa = PBXFileReference; lastKnownFileType = audio.mp3; path = MorningPark_4.mp3; sourceTree = "<group>"; };
		C03FB45123166A670015D756 /* loud4.mp3 */ = {isa = PBXFileReference; lastKnownFileType = audio.mp3; path = loud4.mp3; sourceTree = "<group>"; };
		C03FB45223166A670015D756 /* Orkney.mp3 */ = {isa = PBXFileReference; lastKnownFileType = audio.mp3; path = Orkney.mp3; sourceTree = "<group>"; };
		C03FB45323166A670015D756 /* Christmas_4.mp3 */ = {isa = PBXFileReference; lastKnownFileType = audio.mp3; path = Christmas_4.mp3; sourceTree = "<group>"; };
		C03FB45423166A680015D756 /* Ukulele_1.mp3 */ = {isa = PBXFileReference; lastKnownFileType = audio.mp3; path = Ukulele_1.mp3; sourceTree = "<group>"; };
		C03FB45523166A680015D756 /* AlarmBell_8.mp3 */ = {isa = PBXFileReference; lastKnownFileType = audio.mp3; path = AlarmBell_8.mp3; sourceTree = "<group>"; };
		C03FB45623166A680015D756 /* Sunshine_10.mp3 */ = {isa = PBXFileReference; lastKnownFileType = audio.mp3; path = Sunshine_10.mp3; sourceTree = "<group>"; };
		C03FB45723166A680015D756 /* AlarmBell_10.mp3 */ = {isa = PBXFileReference; lastKnownFileType = audio.mp3; path = AlarmBell_10.mp3; sourceTree = "<group>"; };
		C03FB45823166A680015D756 /* Ukulele_4.mp3 */ = {isa = PBXFileReference; lastKnownFileType = audio.mp3; path = Ukulele_4.mp3; sourceTree = "<group>"; };
		C03FB45923166A680015D756 /* ReadyForTheNewDawn_4.mp3 */ = {isa = PBXFileReference; lastKnownFileType = audio.mp3; path = ReadyForTheNewDawn_4.mp3; sourceTree = "<group>"; };
		C03FB45A23166A680015D756 /* AlarmBell_7.mp3 */ = {isa = PBXFileReference; lastKnownFileType = audio.mp3; path = AlarmBell_7.mp3; sourceTree = "<group>"; };
		C03FB45B23166A680015D756 /* Bell.mp3 */ = {isa = PBXFileReference; lastKnownFileType = audio.mp3; path = Bell.mp3; sourceTree = "<group>"; };
		C03FB45C23166A690015D756 /* AnalogAlarm.mp3 */ = {isa = PBXFileReference; lastKnownFileType = audio.mp3; path = AnalogAlarm.mp3; sourceTree = "<group>"; };
		C03FB45D23166A690015D756 /* Noise_4.mp3 */ = {isa = PBXFileReference; lastKnownFileType = audio.mp3; path = Noise_4.mp3; sourceTree = "<group>"; };
		C03FB45E23166A690015D756 /* Noise_6.mp3 */ = {isa = PBXFileReference; lastKnownFileType = audio.mp3; path = Noise_6.mp3; sourceTree = "<group>"; };
		C03FB45F23166A690015D756 /* Noise.mp3 */ = {isa = PBXFileReference; lastKnownFileType = audio.mp3; path = Noise.mp3; sourceTree = "<group>"; };
		C03FB46023166A690015D756 /* Noise_2.mp3 */ = {isa = PBXFileReference; lastKnownFileType = audio.mp3; path = Noise_2.mp3; sourceTree = "<group>"; };
		C03FB46123166A690015D756 /* AlarmBell_6.mp3 */ = {isa = PBXFileReference; lastKnownFileType = audio.mp3; path = AlarmBell_6.mp3; sourceTree = "<group>"; };
		C03FB46223166A690015D756 /* Groove_3.mp3 */ = {isa = PBXFileReference; lastKnownFileType = audio.mp3; path = Groove_3.mp3; sourceTree = "<group>"; };
		C03FB46323166A690015D756 /* Noise_3.mp3 */ = {isa = PBXFileReference; lastKnownFileType = audio.mp3; path = Noise_3.mp3; sourceTree = "<group>"; };
		C03FB46423166A6A0015D756 /* loud1.mp3 */ = {isa = PBXFileReference; lastKnownFileType = audio.mp3; path = loud1.mp3; sourceTree = "<group>"; };
		C03FB46523166A6A0015D756 /* Ukulele_3.mp3 */ = {isa = PBXFileReference; lastKnownFileType = audio.mp3; path = Ukulele_3.mp3; sourceTree = "<group>"; };
		C03FB46623166A6A0015D756 /* ReadyForTheNewDawn_2.mp3 */ = {isa = PBXFileReference; lastKnownFileType = audio.mp3; path = ReadyForTheNewDawn_2.mp3; sourceTree = "<group>"; };
		C03FB46723166A6A0015D756 /* ReadyForTheNewDawn_1.mp3 */ = {isa = PBXFileReference; lastKnownFileType = audio.mp3; path = ReadyForTheNewDawn_1.mp3; sourceTree = "<group>"; };
		C03FB46823166A6A0015D756 /* HappyClaps_3.mp3 */ = {isa = PBXFileReference; lastKnownFileType = audio.mp3; path = HappyClaps_3.mp3; sourceTree = "<group>"; };
		C03FB46923166A6A0015D756 /* Rooster.mp3 */ = {isa = PBXFileReference; lastKnownFileType = audio.mp3; path = Rooster.mp3; sourceTree = "<group>"; };
		C03FB46A23166A6B0015D756 /* Noise_1.mp3 */ = {isa = PBXFileReference; lastKnownFileType = audio.mp3; path = Noise_1.mp3; sourceTree = "<group>"; };
		C03FB46B23166A6B0015D756 /* HappyClaps_4.mp3 */ = {isa = PBXFileReference; lastKnownFileType = audio.mp3; path = HappyClaps_4.mp3; sourceTree = "<group>"; };
		C03FB46C23166A6B0015D756 /* Noise_10.mp3 */ = {isa = PBXFileReference; lastKnownFileType = audio.mp3; path = Noise_10.mp3; sourceTree = "<group>"; };
		C03FB46D23166A6B0015D756 /* AlarmBell_3.mp3 */ = {isa = PBXFileReference; lastKnownFileType = audio.mp3; path = AlarmBell_3.mp3; sourceTree = "<group>"; };
		C03FB46E23166A6B0015D756 /* Sunshine_3.mp3 */ = {isa = PBXFileReference; lastKnownFileType = audio.mp3; path = Sunshine_3.mp3; sourceTree = "<group>"; };
		C03FB46F23166A6B0015D756 /* Sunshine_8.mp3 */ = {isa = PBXFileReference; lastKnownFileType = audio.mp3; path = Sunshine_8.mp3; sourceTree = "<group>"; };
		C03FB47023166A6C0015D756 /* Christmas_3.mp3 */ = {isa = PBXFileReference; lastKnownFileType = audio.mp3; path = Christmas_3.mp3; sourceTree = "<group>"; };
		C03FB47123166A6C0015D756 /* MorningPark_3.mp3 */ = {isa = PBXFileReference; lastKnownFileType = audio.mp3; path = MorningPark_3.mp3; sourceTree = "<group>"; };
		C03FB47223166A6C0015D756 /* LiveTheMoment_5.mp3 */ = {isa = PBXFileReference; lastKnownFileType = audio.mp3; path = LiveTheMoment_5.mp3; sourceTree = "<group>"; };
		C03FB47323166A6C0015D756 /* Sunshine_5.mp3 */ = {isa = PBXFileReference; lastKnownFileType = audio.mp3; path = Sunshine_5.mp3; sourceTree = "<group>"; };
		C03FB47423166A6C0015D756 /* MorningPark_7.mp3 */ = {isa = PBXFileReference; lastKnownFileType = audio.mp3; path = MorningPark_7.mp3; sourceTree = "<group>"; };
		C03FB47523166A6C0015D756 /* MorningPark_6.mp3 */ = {isa = PBXFileReference; lastKnownFileType = audio.mp3; path = MorningPark_6.mp3; sourceTree = "<group>"; };
		C03FB47623166A6C0015D756 /* Picnic_5.mp3 */ = {isa = PBXFileReference; lastKnownFileType = audio.mp3; path = Picnic_5.mp3; sourceTree = "<group>"; };
		C03FB47723166A6D0015D756 /* StreetlightPeople_4.mp3 */ = {isa = PBXFileReference; lastKnownFileType = audio.mp3; path = StreetlightPeople_4.mp3; sourceTree = "<group>"; };
		C03FB47823166A6D0015D756 /* Christmas_2.mp3 */ = {isa = PBXFileReference; lastKnownFileType = audio.mp3; path = Christmas_2.mp3; sourceTree = "<group>"; };
		C03FB47923166A6D0015D756 /* LiveTheMoment_1.mp3 */ = {isa = PBXFileReference; lastKnownFileType = audio.mp3; path = LiveTheMoment_1.mp3; sourceTree = "<group>"; };
		C03FB47A23166A6D0015D756 /* Noise_5.mp3 */ = {isa = PBXFileReference; lastKnownFileType = audio.mp3; path = Noise_5.mp3; sourceTree = "<group>"; };
		C03FB47B23166A6D0015D756 /* AlarmBell_1.mp3 */ = {isa = PBXFileReference; lastKnownFileType = audio.mp3; path = AlarmBell_1.mp3; sourceTree = "<group>"; };
		C03FB47C23166A6D0015D756 /* AlarmBell_5.mp3 */ = {isa = PBXFileReference; lastKnownFileType = audio.mp3; path = AlarmBell_5.mp3; sourceTree = "<group>"; };
		C03FB47D23166A6D0015D756 /* Noise_9.mp3 */ = {isa = PBXFileReference; lastKnownFileType = audio.mp3; path = Noise_9.mp3; sourceTree = "<group>"; };
		C03FB47E23166A6E0015D756 /* Groove_1.mp3 */ = {isa = PBXFileReference; lastKnownFileType = audio.mp3; path = Groove_1.mp3; sourceTree = "<group>"; };
		C03FB47F23166A6E0015D756 /* StreetlightPeople_2.mp3 */ = {isa = PBXFileReference; lastKnownFileType = audio.mp3; path = StreetlightPeople_2.mp3; sourceTree = "<group>"; };
		C03FB48023166A6E0015D756 /* Beep.mp3 */ = {isa = PBXFileReference; lastKnownFileType = audio.mp3; path = Beep.mp3; sourceTree = "<group>"; };
		C03FB48123166A6E0015D756 /* AlarmBell_4.mp3 */ = {isa = PBXFileReference; lastKnownFileType = audio.mp3; path = AlarmBell_4.mp3; sourceTree = "<group>"; };
		C03FB48223166A6E0015D756 /* Picnic_2.mp3 */ = {isa = PBXFileReference; lastKnownFileType = audio.mp3; path = Picnic_2.mp3; sourceTree = "<group>"; };
		C03FB48323166A6F0015D756 /* LiveTheMoment_6.mp3 */ = {isa = PBXFileReference; lastKnownFileType = audio.mp3; path = LiveTheMoment_6.mp3; sourceTree = "<group>"; };
		C03FB48423166A6F0015D756 /* ReadyForTheNewDawn_6.mp3 */ = {isa = PBXFileReference; lastKnownFileType = audio.mp3; path = ReadyForTheNewDawn_6.mp3; sourceTree = "<group>"; };
		C03FB48523166A6F0015D756 /* Christmas_5.mp3 */ = {isa = PBXFileReference; lastKnownFileType = audio.mp3; path = Christmas_5.mp3; sourceTree = "<group>"; };
		C03FB48623166A6F0015D756 /* MorningPark_8.mp3 */ = {isa = PBXFileReference; lastKnownFileType = audio.mp3; path = MorningPark_8.mp3; sourceTree = "<group>"; };
		C03FB48723166A6F0015D756 /* LiveTheMoment_4.mp3 */ = {isa = PBXFileReference; lastKnownFileType = audio.mp3; path = LiveTheMoment_4.mp3; sourceTree = "<group>"; };
		C03FB48823166A6F0015D756 /* Christmas_1.mp3 */ = {isa = PBXFileReference; lastKnownFileType = audio.mp3; path = Christmas_1.mp3; sourceTree = "<group>"; };
		C03FB48923166A6F0015D756 /* AlarmBell.mp3 */ = {isa = PBXFileReference; lastKnownFileType = audio.mp3; path = AlarmBell.mp3; sourceTree = "<group>"; };
		C03FB48A23166A700015D756 /* Awakening_6.mp3 */ = {isa = PBXFileReference; lastKnownFileType = audio.mp3; path = Awakening_6.mp3; sourceTree = "<group>"; };
		C03FB48B23166A700015D756 /* StreetlightPeople_5.mp3 */ = {isa = PBXFileReference; lastKnownFileType = audio.mp3; path = StreetlightPeople_5.mp3; sourceTree = "<group>"; };
		C03FB48C23166A700015D756 /* Noise_8.mp3 */ = {isa = PBXFileReference; lastKnownFileType = audio.mp3; path = Noise_8.mp3; sourceTree = "<group>"; };
		C03FB48D23166A700015D756 /* Awakening_1.mp3 */ = {isa = PBXFileReference; lastKnownFileType = audio.mp3; path = Awakening_1.mp3; sourceTree = "<group>"; };
		C03FB48E23166A700015D756 /* Picnic_3.mp3 */ = {isa = PBXFileReference; lastKnownFileType = audio.mp3; path = Picnic_3.mp3; sourceTree = "<group>"; };
		C03FB48F23166A700015D756 /* StreetlightPeople_3.mp3 */ = {isa = PBXFileReference; lastKnownFileType = audio.mp3; path = StreetlightPeople_3.mp3; sourceTree = "<group>"; };
		C03FB49023166A700015D756 /* loud3.mp3 */ = {isa = PBXFileReference; lastKnownFileType = audio.mp3; path = loud3.mp3; sourceTree = "<group>"; };
		C03FB49123166A710015D756 /* Picnic_1.mp3 */ = {isa = PBXFileReference; lastKnownFileType = audio.mp3; path = Picnic_1.mp3; sourceTree = "<group>"; };
		C03FB49223166A710015D756 /* MorningPark_9.mp3 */ = {isa = PBXFileReference; lastKnownFileType = audio.mp3; path = MorningPark_9.mp3; sourceTree = "<group>"; };
		C03FB49323166A710015D756 /* Sunshine_2.mp3 */ = {isa = PBXFileReference; lastKnownFileType = audio.mp3; path = Sunshine_2.mp3; sourceTree = "<group>"; };
		C03FB49423166A710015D756 /* Awakening_3.mp3 */ = {isa = PBXFileReference; lastKnownFileType = audio.mp3; path = Awakening_3.mp3; sourceTree = "<group>"; };
		C041DDCA2316CC27009F2656 /* SetAlarmViewController.swift */ = {isa = PBXFileReference; lastKnownFileType = sourcecode.swift; path = SetAlarmViewController.swift; sourceTree = "<group>"; };
		C041DDCC2317D15F009F2656 /* SetQuickAlarmView.xib */ = {isa = PBXFileReference; lastKnownFileType = file.xib; path = SetQuickAlarmView.xib; sourceTree = "<group>"; };
/* End PBXFileReference section */

/* Begin PBXFrameworksBuildPhase section */
		C03FB3C8230FC1BC0015D756 /* Frameworks */ = {
			isa = PBXFrameworksBuildPhase;
			buildActionMask = 2147483647;
			files = (
			);
			runOnlyForDeploymentPostprocessing = 0;
		};
/* End PBXFrameworksBuildPhase section */

/* Begin PBXGroup section */
		C03C03382318273B00761DAD /* Cell */ = {
			isa = PBXGroup;
			children = (
				C03FB3F2230FE4DF0015D756 /* AlarmListTableViewCell.swift */,
				C03FB42523163FFE0015D756 /* WeatherTableViewCell.swift */,
				C03BFA5F2316B15700ED77E1 /* RemainTimeTableViewCell.swift */,
			);
			path = Cell;
			sourceTree = "<group>";
		};
		C03FB3C2230FC1BC0015D756 = {
			isa = PBXGroup;
			children = (
				C03FB3CD230FC1BC0015D756 /* Alarm */,
				C03FB3CC230FC1BC0015D756 /* Products */,
			);
			sourceTree = "<group>";
		};
		C03FB3CC230FC1BC0015D756 /* Products */ = {
			isa = PBXGroup;
			children = (
				C03FB3CB230FC1BC0015D756 /* Alarm.app */,
			);
			name = Products;
			sourceTree = "<group>";
		};
		C03FB3CD230FC1BC0015D756 /* Alarm */ = {
			isa = PBXGroup;
			children = (
				C03FB50023166A9C0015D756 /* Sounds */,
				C03FB3CE230FC1BC0015D756 /* AppDelegate.swift */,
				C03FB3F0230FE28B0015D756 /* Storyboard */,
				C03FB3EF230FE2540015D756 /* Resources */,
				C03FB3E5230FC4BA0015D756 /* View */,
				C03FB3E4230FC4A60015D756 /* Module */,
				C03FB3E3230FC2EB0015D756 /* Model */,
				C03FB3FE2313CB9C0015D756 /* test.playground */,
				C03FB3FF2313D0370015D756 /* MainViewController.swift */,
				C03FB4012313D0490015D756 /* SetTimeViewController.swift */,
			);
			path = Alarm;
			sourceTree = "<group>";
		};
		C03FB3E3230FC2EB0015D756 /* Model */ = {
			isa = PBXGroup;
			children = (
				C03FB3FA2313BA130015D756 /* DataManager.swift */,
				C03FB3FC2313BF780015D756 /* DataManager+Alarm.swift */,
			);
			path = Model;
			sourceTree = "<group>";
		};
		C03FB3E4230FC4A60015D756 /* Module */ = {
			isa = PBXGroup;
			children = (
				C03FB3F4230FE5740015D756 /* Common */,
				C03FB3F1230FE4510015D756 /* AlarmList */,
			);
			path = Module;
			sourceTree = "<group>";
		};
		C03FB3E5230FC4BA0015D756 /* View */ = {
			isa = PBXGroup;
			children = (
				C03FB3E6230FC4CB0015D756 /* Cell */,
			);
			path = View;
			sourceTree = "<group>";
		};
		C03FB3E6230FC4CB0015D756 /* Cell */ = {
			isa = PBXGroup;
			children = (
			);
			path = Cell;
			sourceTree = "<group>";
		};
		C03FB3EF230FE2540015D756 /* Resources */ = {
			isa = PBXGroup;
			children = (
				C03FB3D8230FC1BE0015D756 /* Assets.xcassets */,
				C03FB3DD230FC1BE0015D756 /* Info.plist */,
				C03FB3D5230FC1BC0015D756 /* Alarm.xcdatamodeld */,
				C03FB3F82312C2AC0015D756 /* Launch Screen.storyboard */,
			);
			path = Resources;
			sourceTree = "<group>";
		};
		C03FB3F0230FE28B0015D756 /* Storyboard */ = {
			isa = PBXGroup;
			children = (
				C03FB3D2230FC1BC0015D756 /* Main.storyboard */,
				C041DDCC2317D15F009F2656 /* SetQuickAlarmView.xib */,
			);
			path = Storyboard;
			sourceTree = "<group>";
		};
		C03FB3F1230FE4510015D756 /* AlarmList */ = {
			isa = PBXGroup;
			children = (
				C03C03382318273B00761DAD /* Cell */,
				C03FB3ED230FC6F80015D756 /* AlarmListViewController.swift */,
				C041DDCA2316CC27009F2656 /* SetAlarmViewController.swift */,
				C03C03362318252300761DAD /* SetQuickAlarmView.swift */,
			);
			path = AlarmList;
			sourceTree = "<group>";
		};
		C03FB3F4230FE5740015D756 /* Common */ = {
			isa = PBXGroup;
			children = (
				C03FB3F5230FE59E0015D756 /* CommonViewController.swift */,
				C03C033D23183A2100761DAD /* CommonView.swift */,
			);
			path = Common;
			sourceTree = "<group>";
		};
		C03FB50023166A9C0015D756 /* Sounds */ = {
			isa = PBXGroup;
			children = (
				C03FB42C23166A630015D756 /* Awakening_2.mp3 */,
				C03FB49423166A710015D756 /* Awakening_3.mp3 */,
				C03FB43023166A630015D756 /* Awakening_4.mp3 */,
				C03FB43D23166A650015D756 /* Awakening_5.mp3 */,
				C03FB48A23166A700015D756 /* Awakening_6.mp3 */,
				C03FB48023166A6E0015D756 /* Beep.mp3 */,
				C03FB45B23166A680015D756 /* Bell.mp3 */,
				C03FB48823166A6F0015D756 /* Christmas_1.mp3 */,
				C03FB47823166A6D0015D756 /* Christmas_2.mp3 */,
				C03FB47023166A6C0015D756 /* Christmas_3.mp3 */,
				C03FB45323166A670015D756 /* Christmas_4.mp3 */,
				C03FB48523166A6F0015D756 /* Christmas_5.mp3 */,
				C03FB43C23166A650015D756 /* Christmas.mp3 */,
				C03FB47E23166A6E0015D756 /* Groove_1.mp3 */,
				C03FB44723166A660015D756 /* Groove_2.mp3 */,
				C03FB46223166A690015D756 /* Groove_3.mp3 */,
				C03FB43423166A640015D756 /* Groove_4.mp3 */,
				C03FB43E23166A650015D756 /* HappyClaps_1.mp3 */,
				C03FB43123166A640015D756 /* HappyClaps_2.mp3 */,
				C03FB46823166A6A0015D756 /* HappyClaps_3.mp3 */,
				C03FB46B23166A6B0015D756 /* HappyClaps_4.mp3 */,
				C03FB47923166A6D0015D756 /* LiveTheMoment_1.mp3 */,
				C03FB43223166A640015D756 /* LiveTheMoment_2.mp3 */,
				C03FB43B23166A650015D756 /* LiveTheMoment_3.mp3 */,
				C03FB48723166A6F0015D756 /* LiveTheMoment_4.mp3 */,
				C03FB47223166A6C0015D756 /* LiveTheMoment_5.mp3 */,
				C03FB48323166A6F0015D756 /* LiveTheMoment_6.mp3 */,
				C03FB46423166A6A0015D756 /* loud1.mp3 */,
				C03FB44523166A660015D756 /* loud2.mp3 */,
				C03FB49023166A700015D756 /* loud3.mp3 */,
				C03FB45123166A670015D756 /* loud4.mp3 */,
				C03FB42D23166A630015D756 /* loud5.mp3 */,
				C03FB44D23166A670015D756 /* loud6.mp3 */,
				C03FB42F23166A630015D756 /* loud7.mp3 */,
				C03FB43F23166A650015D756 /* loud8.mp3 */,
				C03FB43823166A640015D756 /* MorningPark_1.mp3 */,
				C03FB44C23166A670015D756 /* MorningPark_2.mp3 */,
				C03FB47123166A6C0015D756 /* MorningPark_3.mp3 */,
				C03FB45023166A670015D756 /* MorningPark_4.mp3 */,
				C03FB44423166A660015D756 /* MorningPark_5.mp3 */,
				C03FB47523166A6C0015D756 /* MorningPark_6.mp3 */,
				C03FB47423166A6C0015D756 /* MorningPark_7.mp3 */,
				C03FB48623166A6F0015D756 /* MorningPark_8.mp3 */,
				C03FB49223166A710015D756 /* MorningPark_9.mp3 */,
				C03FB44123166A660015D756 /* MorningPark_10.mp3 */,
				C03FB43623166A640015D756 /* MorningPark.mp3 */,
				C03FB46A23166A6B0015D756 /* Noise_1.mp3 */,
				C03FB46023166A690015D756 /* Noise_2.mp3 */,
				C03FB46323166A690015D756 /* Noise_3.mp3 */,
				C03FB45D23166A690015D756 /* Noise_4.mp3 */,
				C03FB47A23166A6D0015D756 /* Noise_5.mp3 */,
				C03FB45E23166A690015D756 /* Noise_6.mp3 */,
				C03FB42B23166A630015D756 /* Noise_7.mp3 */,
				C03FB48C23166A700015D756 /* Noise_8.mp3 */,
				C03FB47D23166A6D0015D756 /* Noise_9.mp3 */,
				C03FB46C23166A6B0015D756 /* Noise_10.mp3 */,
				C03FB45F23166A690015D756 /* Noise.mp3 */,
				C03FB42E23166A630015D756 /* NoSound.mp3 */,
				C03FB45223166A670015D756 /* Orkney.mp3 */,
				C03FB49123166A710015D756 /* Picnic_1.mp3 */,
				C03FB48223166A6E0015D756 /* Picnic_2.mp3 */,
				C03FB48E23166A700015D756 /* Picnic_3.mp3 */,
				C03FB44823166A660015D756 /* Picnic_4.mp3 */,
				C03FB47623166A6C0015D756 /* Picnic_5.mp3 */,
				C03FB43523166A640015D756 /* Picnic.mp3 */,
				C03FB46723166A6A0015D756 /* ReadyForTheNewDawn_1.mp3 */,
				C03FB46623166A6A0015D756 /* ReadyForTheNewDawn_2.mp3 */,
				C03FB43723166A640015D756 /* ReadyForTheNewDawn_3.mp3 */,
				C03FB45923166A680015D756 /* ReadyForTheNewDawn_4.mp3 */,
				C03FB44F23166A670015D756 /* ReadyForTheNewDawn_5.mp3 */,
				C03FB48423166A6F0015D756 /* ReadyForTheNewDawn_6.mp3 */,
				C03FB46923166A6A0015D756 /* Rooster.mp3 */,
				C03FB44623166A660015D756 /* Siren.mp3 */,
				C03FB44223166A660015D756 /* StreetlightPeople_1.mp3 */,
				C03FB47F23166A6E0015D756 /* StreetlightPeople_2.mp3 */,
				C03FB48F23166A700015D756 /* StreetlightPeople_3.mp3 */,
				C03FB47723166A6D0015D756 /* StreetlightPeople_4.mp3 */,
				C03FB48B23166A700015D756 /* StreetlightPeople_5.mp3 */,
				C03FB43923166A650015D756 /* StreetlightPeople_6.mp3 */,
				C03FB44323166A660015D756 /* Sunshine_1.mp3 */,
				C03FB49323166A710015D756 /* Sunshine_2.mp3 */,
				C03FB46E23166A6B0015D756 /* Sunshine_3.mp3 */,
				C03FB44A23166A670015D756 /* Sunshine_4.mp3 */,
				C03FB47323166A6C0015D756 /* Sunshine_5.mp3 */,
				C03FB44923166A660015D756 /* Sunshine_6.mp3 */,
				C03FB44023166A650015D756 /* Sunshine_7.mp3 */,
				C03FB46F23166A6B0015D756 /* Sunshine_8.mp3 */,
				C03FB44B23166A670015D756 /* Sunshine_9.mp3 */,
				C03FB45623166A680015D756 /* Sunshine_10.mp3 */,
				C03FB42A23166A630015D756 /* Sunshine.mp3 */,
				C03FB45423166A680015D756 /* Ukulele_1.mp3 */,
				C03FB43323166A640015D756 /* Ukulele_2.mp3 */,
				C03FB46523166A6A0015D756 /* Ukulele_3.mp3 */,
				C03FB45823166A680015D756 /* Ukulele_4.mp3 */,
				C03FB47B23166A6D0015D756 /* AlarmBell_1.mp3 */,
				C03FB43A23166A650015D756 /* AlarmBell_2.mp3 */,
				C03FB46D23166A6B0015D756 /* AlarmBell_3.mp3 */,
				C03FB48123166A6E0015D756 /* AlarmBell_4.mp3 */,
				C03FB47C23166A6D0015D756 /* AlarmBell_5.mp3 */,
				C03FB46123166A690015D756 /* AlarmBell_6.mp3 */,
				C03FB45A23166A680015D756 /* AlarmBell_7.mp3 */,
				C03FB45523166A680015D756 /* AlarmBell_8.mp3 */,
				C03FB44E23166A670015D756 /* AlarmBell_9.mp3 */,
				C03FB45723166A680015D756 /* AlarmBell_10.mp3 */,
				C03FB48923166A6F0015D756 /* AlarmBell.mp3 */,
				C03FB45C23166A690015D756 /* AnalogAlarm.mp3 */,
				C03FB48D23166A700015D756 /* Awakening_1.mp3 */,
			);
			path = Sounds;
			sourceTree = "<group>";
		};
/* End PBXGroup section */

/* Begin PBXNativeTarget section */
		C03FB3CA230FC1BC0015D756 /* Alarm */ = {
			isa = PBXNativeTarget;
			buildConfigurationList = C03FB3E0230FC1BE0015D756 /* Build configuration list for PBXNativeTarget "Alarm" */;
			buildPhases = (
				C03FB3C7230FC1BC0015D756 /* Sources */,
				C03FB3C8230FC1BC0015D756 /* Frameworks */,
				C03FB3C9230FC1BC0015D756 /* Resources */,
			);
			buildRules = (
			);
			dependencies = (
			);
			name = Alarm;
			productName = Alarm;
			productReference = C03FB3CB230FC1BC0015D756 /* Alarm.app */;
			productType = "com.apple.product-type.application";
		};
/* End PBXNativeTarget section */

/* Begin PBXProject section */
		C03FB3C3230FC1BC0015D756 /* Project object */ = {
			isa = PBXProject;
			attributes = {
				LastSwiftUpdateCheck = 1030;
				LastUpgradeCheck = 1030;
				ORGANIZATIONNAME = GSTheCar;
				TargetAttributes = {
					C03FB3CA230FC1BC0015D756 = {
						CreatedOnToolsVersion = 10.3;
					};
				};
			};
			buildConfigurationList = C03FB3C6230FC1BC0015D756 /* Build configuration list for PBXProject "Alarm" */;
			compatibilityVersion = "Xcode 9.3";
			developmentRegion = en;
			hasScannedForEncodings = 0;
			knownRegions = (
				en,
				Base,
			);
			mainGroup = C03FB3C2230FC1BC0015D756;
			productRefGroup = C03FB3CC230FC1BC0015D756 /* Products */;
			projectDirPath = "";
			projectRoot = "";
			targets = (
				C03FB3CA230FC1BC0015D756 /* Alarm */,
			);
		};
/* End PBXProject section */

/* Begin PBXResourcesBuildPhase section */
		C03FB3C9230FC1BC0015D756 /* Resources */ = {
			isa = PBXResourcesBuildPhase;
			buildActionMask = 2147483647;
			files = (
				C03FB3F92312C2AC0015D756 /* Launch Screen.storyboard in Resources */,
				C03FB4A223166A710015D756 /* ReadyForTheNewDawn_3.mp3 in Resources */,
				C03FB4CD23166A710015D756 /* Groove_3.mp3 in Resources */,
				C03FB4BB23166A710015D756 /* MorningPark_4.mp3 in Resources */,
				C03FB4A523166A710015D756 /* AlarmBell_2.mp3 in Resources */,
				C03FB4BC23166A710015D756 /* loud4.mp3 in Resources */,
				C03FB49823166A710015D756 /* loud5.mp3 in Resources */,
				C03FB4D323166A710015D756 /* HappyClaps_3.mp3 in Resources */,
				C03FB4F623166A710015D756 /* StreetlightPeople_5.mp3 in Resources */,
				C03FB4B523166A710015D756 /* Sunshine_4.mp3 in Resources */,
				C03FB49E23166A710015D756 /* Ukulele_2.mp3 in Resources */,
				C03FB4B423166A710015D756 /* Sunshine_6.mp3 in Resources */,
				C03FB4F423166A710015D756 /* AlarmBell.mp3 in Resources */,
				C03FB4DB23166A710015D756 /* Christmas_3.mp3 in Resources */,
				C03FB4D923166A710015D756 /* Sunshine_3.mp3 in Resources */,
				C03FB4E723166A710015D756 /* AlarmBell_5.mp3 in Resources */,
				C03FB4F123166A710015D756 /* MorningPark_8.mp3 in Resources */,
				C03FB4CF23166A710015D756 /* loud1.mp3 in Resources */,
				C03FB4B823166A710015D756 /* loud6.mp3 in Resources */,
				C03FB49723166A710015D756 /* Awakening_2.mp3 in Resources */,
				C03FB4FF23166A710015D756 /* Awakening_3.mp3 in Resources */,
				C03FB4D723166A710015D756 /* Noise_10.mp3 in Resources */,
				C03FB49623166A710015D756 /* Noise_7.mp3 in Resources */,
				C03FB4CB23166A710015D756 /* Noise_2.mp3 in Resources */,
				C03FB4EF23166A710015D756 /* ReadyForTheNewDawn_6.mp3 in Resources */,
				C03FB4C023166A710015D756 /* AlarmBell_8.mp3 in Resources */,
				C03FB4A123166A710015D756 /* MorningPark.mp3 in Resources */,
				C03FB4C423166A710015D756 /* ReadyForTheNewDawn_4.mp3 in Resources */,
				C03FB4E023166A710015D756 /* MorningPark_6.mp3 in Resources */,
				C03FB4C223166A710015D756 /* AlarmBell_10.mp3 in Resources */,
				C03FB4B123166A710015D756 /* Siren.mp3 in Resources */,
				C03FB4A823166A710015D756 /* Awakening_5.mp3 in Resources */,
				C03FB4C723166A710015D756 /* AnalogAlarm.mp3 in Resources */,
				C041DDCD2317D15F009F2656 /* SetQuickAlarmView.xib in Resources */,
				C03FB4BA23166A710015D756 /* ReadyForTheNewDawn_5.mp3 in Resources */,
				C03FB4C923166A710015D756 /* Noise_6.mp3 in Resources */,
				C03FB4F923166A710015D756 /* Picnic_3.mp3 in Resources */,
				C03FB4D123166A710015D756 /* ReadyForTheNewDawn_2.mp3 in Resources */,
				C03FB4B023166A710015D756 /* loud2.mp3 in Resources */,
				C03FB4E523166A710015D756 /* Noise_5.mp3 in Resources */,
				C03FB4BE23166A710015D756 /* Christmas_4.mp3 in Resources */,
				C03FB4AE23166A710015D756 /* Sunshine_1.mp3 in Resources */,
				C03FB4C323166A710015D756 /* Ukulele_4.mp3 in Resources */,
				C03FB4C823166A710015D756 /* Noise_4.mp3 in Resources */,
				C03FB49A23166A710015D756 /* loud7.mp3 in Resources */,
				C03FB4E323166A710015D756 /* Christmas_2.mp3 in Resources */,
				C03FB4C623166A710015D756 /* Bell.mp3 in Resources */,
				C03FB4E423166A710015D756 /* LiveTheMoment_1.mp3 in Resources */,
				C03FB4FB23166A710015D756 /* loud3.mp3 in Resources */,
				C03FB4AF23166A710015D756 /* MorningPark_5.mp3 in Resources */,
				C03FB4FC23166A710015D756 /* Picnic_1.mp3 in Resources */,
				C03FB3D9230FC1BE0015D756 /* Assets.xcassets in Resources */,
				C03FB4E823166A710015D756 /* Noise_9.mp3 in Resources */,
				C03FB4E923166A710015D756 /* Groove_1.mp3 in Resources */,
				C03FB4F023166A710015D756 /* Christmas_5.mp3 in Resources */,
				C03FB4FE23166A710015D756 /* Sunshine_2.mp3 in Resources */,
				C03FB49F23166A710015D756 /* Groove_4.mp3 in Resources */,
				C03FB4A723166A710015D756 /* Christmas.mp3 in Resources */,
				C03FB4F723166A710015D756 /* Noise_8.mp3 in Resources */,
				C03FB4CC23166A710015D756 /* AlarmBell_6.mp3 in Resources */,
				C03FB4F823166A710015D756 /* Awakening_1.mp3 in Resources */,
				C03FB4B223166A710015D756 /* Groove_2.mp3 in Resources */,
				C03FB49C23166A710015D756 /* HappyClaps_2.mp3 in Resources */,
				C03FB4AC23166A710015D756 /* MorningPark_10.mp3 in Resources */,
				C03FB4A323166A710015D756 /* MorningPark_1.mp3 in Resources */,
				C03FB4A423166A710015D756 /* StreetlightPeople_6.mp3 in Resources */,
				C03FB4D823166A710015D756 /* AlarmBell_3.mp3 in Resources */,
				C03FB4F323166A710015D756 /* Christmas_1.mp3 in Resources */,
				C03FB4B923166A710015D756 /* AlarmBell_9.mp3 in Resources */,
				C03FB4DA23166A710015D756 /* Sunshine_8.mp3 in Resources */,
				C03FB4E623166A710015D756 /* AlarmBell_1.mp3 in Resources */,
				C03FB4CE23166A710015D756 /* Noise_3.mp3 in Resources */,
				C03FB4EA23166A710015D756 /* StreetlightPeople_2.mp3 in Resources */,
				C03FB4DD23166A710015D756 /* LiveTheMoment_5.mp3 in Resources */,
				C03FB4FA23166A710015D756 /* StreetlightPeople_3.mp3 in Resources */,
				C03FB4D423166A710015D756 /* Rooster.mp3 in Resources */,
				C03FB4D623166A710015D756 /* HappyClaps_4.mp3 in Resources */,
				C03FB4F523166A710015D756 /* Awakening_6.mp3 in Resources */,
				C03FB4DF23166A710015D756 /* MorningPark_7.mp3 in Resources */,
				C03FB49D23166A710015D756 /* LiveTheMoment_2.mp3 in Resources */,
				C03FB4D523166A710015D756 /* Noise_1.mp3 in Resources */,
				C03FB4AB23166A710015D756 /* Sunshine_7.mp3 in Resources */,
				C03FB4B723166A710015D756 /* MorningPark_2.mp3 in Resources */,
				C03FB3D4230FC1BC0015D756 /* Main.storyboard in Resources */,
				C03FB4A623166A710015D756 /* LiveTheMoment_3.mp3 in Resources */,
				C03FB4AD23166A710015D756 /* StreetlightPeople_1.mp3 in Resources */,
				C03FB4BF23166A710015D756 /* Ukulele_1.mp3 in Resources */,
				C03FB4B623166A710015D756 /* Sunshine_9.mp3 in Resources */,
				C03FB4EB23166A710015D756 /* Beep.mp3 in Resources */,
				C03FB4D023166A710015D756 /* Ukulele_3.mp3 in Resources */,
				C03FB4CA23166A710015D756 /* Noise.mp3 in Resources */,
				C03FB4AA23166A710015D756 /* loud8.mp3 in Resources */,
				C03FB4EE23166A710015D756 /* LiveTheMoment_6.mp3 in Resources */,
				C03FB4F223166A710015D756 /* LiveTheMoment_4.mp3 in Resources */,
				C03FB4C523166A710015D756 /* AlarmBell_7.mp3 in Resources */,
				C03FB4E123166A710015D756 /* Picnic_5.mp3 in Resources */,
				C03FB4DC23166A710015D756 /* MorningPark_3.mp3 in Resources */,
				C03FB4EC23166A710015D756 /* AlarmBell_4.mp3 in Resources */,
				C03FB4FD23166A710015D756 /* MorningPark_9.mp3 in Resources */,
				C03FB4A923166A710015D756 /* HappyClaps_1.mp3 in Resources */,
				C03FB49523166A710015D756 /* Sunshine.mp3 in Resources */,
				C03FB4D223166A710015D756 /* ReadyForTheNewDawn_1.mp3 in Resources */,
				C03FB4C123166A710015D756 /* Sunshine_10.mp3 in Resources */,
				C03FB49923166A710015D756 /* NoSound.mp3 in Resources */,
				C03FB4E223166A710015D756 /* StreetlightPeople_4.mp3 in Resources */,
				C03FB4DE23166A710015D756 /* Sunshine_5.mp3 in Resources */,
				C03FB4BD23166A710015D756 /* Orkney.mp3 in Resources */,
				C03FB4B323166A710015D756 /* Picnic_4.mp3 in Resources */,
				C03FB4ED23166A710015D756 /* Picnic_2.mp3 in Resources */,
				C03FB4A023166A710015D756 /* Picnic.mp3 in Resources */,
				C03FB49B23166A710015D756 /* Awakening_4.mp3 in Resources */,
			);
			runOnlyForDeploymentPostprocessing = 0;
		};
/* End PBXResourcesBuildPhase section */

/* Begin PBXSourcesBuildPhase section */
		C03FB3C7230FC1BC0015D756 /* Sources */ = {
			isa = PBXSourcesBuildPhase;
			buildActionMask = 2147483647;
			files = (
				C03C03372318252300761DAD /* SetQuickAlarmView.swift in Sources */,
				C03FB42623163FFE0015D756 /* WeatherTableViewCell.swift in Sources */,
				C03FB3CF230FC1BC0015D756 /* AppDelegate.swift in Sources */,
				C03FB3FB2313BA130015D756 /* DataManager.swift in Sources */,
				C041DDCB2316CC27009F2656 /* SetAlarmViewController.swift in Sources */,
				C03FB4022313D0490015D756 /* SetTimeViewController.swift in Sources */,
				C03FB3FD2313BF780015D756 /* DataManager+Alarm.swift in Sources */,
				C03FB3EE230FC6F80015D756 /* AlarmListViewController.swift in Sources */,
				C03FB3F6230FE59E0015D756 /* CommonViewController.swift in Sources */,
				C03C033E23183A2100761DAD /* CommonView.swift in Sources */,
				C03FB3D7230FC1BC0015D756 /* Alarm.xcdatamodeld in Sources */,
				C03FB3F3230FE4DF0015D756 /* AlarmListTableViewCell.swift in Sources */,
				C03FB4002313D0370015D756 /* MainViewController.swift in Sources */,
				C03BFA602316B15700ED77E1 /* RemainTimeTableViewCell.swift in Sources */,
			);
			runOnlyForDeploymentPostprocessing = 0;
		};
/* End PBXSourcesBuildPhase section */

/* Begin PBXVariantGroup section */
		C03FB3D2230FC1BC0015D756 /* Main.storyboard */ = {
			isa = PBXVariantGroup;
			children = (
				C03FB3D3230FC1BC0015D756 /* Base */,
			);
			name = Main.storyboard;
			sourceTree = "<group>";
		};
/* End PBXVariantGroup section */

/* Begin XCBuildConfiguration section */
		C03FB3DE230FC1BE0015D756 /* Debug */ = {
			isa = XCBuildConfiguration;
			buildSettings = {
				ALWAYS_SEARCH_USER_PATHS = NO;
				CLANG_ANALYZER_NONNULL = YES;
				CLANG_ANALYZER_NUMBER_OBJECT_CONVERSION = YES_AGGRESSIVE;
				CLANG_CXX_LANGUAGE_STANDARD = "gnu++14";
				CLANG_CXX_LIBRARY = "libc++";
				CLANG_ENABLE_MODULES = YES;
				CLANG_ENABLE_OBJC_ARC = YES;
				CLANG_ENABLE_OBJC_WEAK = YES;
				CLANG_WARN_BLOCK_CAPTURE_AUTORELEASING = YES;
				CLANG_WARN_BOOL_CONVERSION = YES;
				CLANG_WARN_COMMA = YES;
				CLANG_WARN_CONSTANT_CONVERSION = YES;
				CLANG_WARN_DEPRECATED_OBJC_IMPLEMENTATIONS = YES;
				CLANG_WARN_DIRECT_OBJC_ISA_USAGE = YES_ERROR;
				CLANG_WARN_DOCUMENTATION_COMMENTS = YES;
				CLANG_WARN_EMPTY_BODY = YES;
				CLANG_WARN_ENUM_CONVERSION = YES;
				CLANG_WARN_INFINITE_RECURSION = YES;
				CLANG_WARN_INT_CONVERSION = YES;
				CLANG_WARN_NON_LITERAL_NULL_CONVERSION = YES;
				CLANG_WARN_OBJC_IMPLICIT_RETAIN_SELF = YES;
				CLANG_WARN_OBJC_LITERAL_CONVERSION = YES;
				CLANG_WARN_OBJC_ROOT_CLASS = YES_ERROR;
				CLANG_WARN_RANGE_LOOP_ANALYSIS = YES;
				CLANG_WARN_STRICT_PROTOTYPES = YES;
				CLANG_WARN_SUSPICIOUS_MOVE = YES;
				CLANG_WARN_UNGUARDED_AVAILABILITY = YES_AGGRESSIVE;
				CLANG_WARN_UNREACHABLE_CODE = YES;
				CLANG_WARN__DUPLICATE_METHOD_MATCH = YES;
				CODE_SIGN_IDENTITY = "iPhone Developer";
				COPY_PHASE_STRIP = NO;
				DEBUG_INFORMATION_FORMAT = dwarf;
				ENABLE_STRICT_OBJC_MSGSEND = YES;
				ENABLE_TESTABILITY = YES;
				GCC_C_LANGUAGE_STANDARD = gnu11;
				GCC_DYNAMIC_NO_PIC = NO;
				GCC_NO_COMMON_BLOCKS = YES;
				GCC_OPTIMIZATION_LEVEL = 0;
				GCC_PREPROCESSOR_DEFINITIONS = (
					"DEBUG=1",
					"$(inherited)",
				);
				GCC_WARN_64_TO_32_BIT_CONVERSION = YES;
				GCC_WARN_ABOUT_RETURN_TYPE = YES_ERROR;
				GCC_WARN_UNDECLARED_SELECTOR = YES;
				GCC_WARN_UNINITIALIZED_AUTOS = YES_AGGRESSIVE;
				GCC_WARN_UNUSED_FUNCTION = YES;
				GCC_WARN_UNUSED_VARIABLE = YES;
				IPHONEOS_DEPLOYMENT_TARGET = 12.4;
				MTL_ENABLE_DEBUG_INFO = INCLUDE_SOURCE;
				MTL_FAST_MATH = YES;
				ONLY_ACTIVE_ARCH = YES;
				SDKROOT = iphoneos;
				SWIFT_ACTIVE_COMPILATION_CONDITIONS = DEBUG;
				SWIFT_OPTIMIZATION_LEVEL = "-Onone";
			};
			name = Debug;
		};
		C03FB3DF230FC1BE0015D756 /* Release */ = {
			isa = XCBuildConfiguration;
			buildSettings = {
				ALWAYS_SEARCH_USER_PATHS = NO;
				CLANG_ANALYZER_NONNULL = YES;
				CLANG_ANALYZER_NUMBER_OBJECT_CONVERSION = YES_AGGRESSIVE;
				CLANG_CXX_LANGUAGE_STANDARD = "gnu++14";
				CLANG_CXX_LIBRARY = "libc++";
				CLANG_ENABLE_MODULES = YES;
				CLANG_ENABLE_OBJC_ARC = YES;
				CLANG_ENABLE_OBJC_WEAK = YES;
				CLANG_WARN_BLOCK_CAPTURE_AUTORELEASING = YES;
				CLANG_WARN_BOOL_CONVERSION = YES;
				CLANG_WARN_COMMA = YES;
				CLANG_WARN_CONSTANT_CONVERSION = YES;
				CLANG_WARN_DEPRECATED_OBJC_IMPLEMENTATIONS = YES;
				CLANG_WARN_DIRECT_OBJC_ISA_USAGE = YES_ERROR;
				CLANG_WARN_DOCUMENTATION_COMMENTS = YES;
				CLANG_WARN_EMPTY_BODY = YES;
				CLANG_WARN_ENUM_CONVERSION = YES;
				CLANG_WARN_INFINITE_RECURSION = YES;
				CLANG_WARN_INT_CONVERSION = YES;
				CLANG_WARN_NON_LITERAL_NULL_CONVERSION = YES;
				CLANG_WARN_OBJC_IMPLICIT_RETAIN_SELF = YES;
				CLANG_WARN_OBJC_LITERAL_CONVERSION = YES;
				CLANG_WARN_OBJC_ROOT_CLASS = YES_ERROR;
				CLANG_WARN_RANGE_LOOP_ANALYSIS = YES;
				CLANG_WARN_STRICT_PROTOTYPES = YES;
				CLANG_WARN_SUSPICIOUS_MOVE = YES;
				CLANG_WARN_UNGUARDED_AVAILABILITY = YES_AGGRESSIVE;
				CLANG_WARN_UNREACHABLE_CODE = YES;
				CLANG_WARN__DUPLICATE_METHOD_MATCH = YES;
				CODE_SIGN_IDENTITY = "iPhone Developer";
				COPY_PHASE_STRIP = NO;
				DEBUG_INFORMATION_FORMAT = "dwarf-with-dsym";
				ENABLE_NS_ASSERTIONS = NO;
				ENABLE_STRICT_OBJC_MSGSEND = YES;
				GCC_C_LANGUAGE_STANDARD = gnu11;
				GCC_NO_COMMON_BLOCKS = YES;
				GCC_WARN_64_TO_32_BIT_CONVERSION = YES;
				GCC_WARN_ABOUT_RETURN_TYPE = YES_ERROR;
				GCC_WARN_UNDECLARED_SELECTOR = YES;
				GCC_WARN_UNINITIALIZED_AUTOS = YES_AGGRESSIVE;
				GCC_WARN_UNUSED_FUNCTION = YES;
				GCC_WARN_UNUSED_VARIABLE = YES;
				IPHONEOS_DEPLOYMENT_TARGET = 12.4;
				MTL_ENABLE_DEBUG_INFO = NO;
				MTL_FAST_MATH = YES;
				SDKROOT = iphoneos;
				SWIFT_COMPILATION_MODE = wholemodule;
				SWIFT_OPTIMIZATION_LEVEL = "-O";
				VALIDATE_PRODUCT = YES;
			};
			name = Release;
		};
		C03FB3E1230FC1BE0015D756 /* Debug */ = {
			isa = XCBuildConfiguration;
			buildSettings = {
				ASSETCATALOG_COMPILER_APPICON_NAME = AppIcon;
				CODE_SIGN_STYLE = Automatic;
				DEVELOPMENT_TEAM = 9798FKV9BN;
				INFOPLIST_FILE = "$(SRCROOT)/Alarm/Resources/Info.plist";
				IPHONEOS_DEPLOYMENT_TARGET = 10.0;
				LD_RUNPATH_SEARCH_PATHS = (
					"$(inherited)",
					"@executable_path/Frameworks",
				);
				PRODUCT_BUNDLE_IDENTIFIER = com.github.GSThecar.Alarm;
				PRODUCT_NAME = "$(TARGET_NAME)";
				SWIFT_VERSION = 5.0;
				TARGETED_DEVICE_FAMILY = 1;
			};
			name = Debug;
		};
		C03FB3E2230FC1BE0015D756 /* Release */ = {
			isa = XCBuildConfiguration;
			buildSettings = {
				ASSETCATALOG_COMPILER_APPICON_NAME = AppIcon;
				CODE_SIGN_STYLE = Automatic;
				DEVELOPMENT_TEAM = 9798FKV9BN;
				INFOPLIST_FILE = "$(SRCROOT)/Alarm/Resources/Info.plist";
				IPHONEOS_DEPLOYMENT_TARGET = 10.0;
				LD_RUNPATH_SEARCH_PATHS = (
					"$(inherited)",
					"@executable_path/Frameworks",
				);
				PRODUCT_BUNDLE_IDENTIFIER = com.github.GSThecar.Alarm;
				PRODUCT_NAME = "$(TARGET_NAME)";
				SWIFT_VERSION = 5.0;
				TARGETED_DEVICE_FAMILY = 1;
			};
			name = Release;
		};
/* End XCBuildConfiguration section */

/* Begin XCConfigurationList section */
		C03FB3C6230FC1BC0015D756 /* Build configuration list for PBXProject "Alarm" */ = {
			isa = XCConfigurationList;
			buildConfigurations = (
				C03FB3DE230FC1BE0015D756 /* Debug */,
				C03FB3DF230FC1BE0015D756 /* Release */,
			);
			defaultConfigurationIsVisible = 0;
			defaultConfigurationName = Release;
		};
		C03FB3E0230FC1BE0015D756 /* Build configuration list for PBXNativeTarget "Alarm" */ = {
			isa = XCConfigurationList;
			buildConfigurations = (
				C03FB3E1230FC1BE0015D756 /* Debug */,
				C03FB3E2230FC1BE0015D756 /* Release */,
			);
			defaultConfigurationIsVisible = 0;
			defaultConfigurationName = Release;
		};
/* End XCConfigurationList section */

/* Begin XCVersionGroup section */
		C03FB3D5230FC1BC0015D756 /* Alarm.xcdatamodeld */ = {
			isa = XCVersionGroup;
			children = (
				C03FB3D6230FC1BC0015D756 /* Alarm.xcdatamodel */,
			);
			currentVersion = C03FB3D6230FC1BC0015D756 /* Alarm.xcdatamodel */;
			path = Alarm.xcdatamodeld;
			sourceTree = "<group>";
			versionGroupType = wrapper.xcdatamodel;
		};
/* End XCVersionGroup section */
	};
	rootObject = C03FB3C3230FC1BC0015D756 /* Project object */;
}
